
Microsoft Visual Studio Solution File, Format Version 12.00
# Visual Studio Version 17
VisualStudioVersion = 17.9.34714.143
MinimumVisualStudioVersion = 10.0.40219.1
Project("{FAE04EC0-301F-11D3-BF4B-00C04F79EFBC}") = "Entities", "Entities\Entities.csproj", "{EC86D42A-A7D4-4845-B3EA-E804C23741DA}"
EndProject
Project("{FAE04EC0-301F-11D3-BF4B-00C04F79EFBC}") = "Core", "Core\Core.csproj", "{D1FC770E-F9E6-4F95-8C8C-45ADB0D6378A}"
EndProject
Project("{FAE04EC0-301F-11D3-BF4B-00C04F79EFBC}") = "DataAccess", "DataAccess\DataAccess.csproj", "{8C491968-5E87-4023-BA8C-E8DF61225F0D}"
EndProject
Project("{FAE04EC0-301F-11D3-BF4B-00C04F79EFBC}") = "Business", "Business\Business.csproj", "{3F5FF6A1-DE5B-4D4E-BCBD-79352358424A}"
EndProject
Project("{FAE04EC0-301F-11D3-BF4B-00C04F79EFBC}") = "WebAPI", "WebAPI\WebAPI.csproj", "{AD6A663F-22C6-415C-A9B9-E863C61A134F}"
EndProject
Global
	GlobalSection(SolutionConfigurationPlatforms) = preSolution
		Debug|Any CPU = Debug|Any CPU
		Release|Any CPU = Release|Any CPU
	EndGlobalSection
	GlobalSection(ProjectConfigurationPlatforms) = postSolution
		{EC86D42A-A7D4-4845-B3EA-E804C23741DA}.Debug|Any CPU.ActiveCfg = Debug|Any CPU
		{EC86D42A-A7D4-4845-B3EA-E804C23741DA}.Debug|Any CPU.Build.0 = Debug|Any CPU
		{EC86D42A-A7D4-4845-B3EA-E804C23741DA}.Release|Any CPU.ActiveCfg = Release|Any CPU
		{EC86D42A-A7D4-4845-B3EA-E804C23741DA}.Release|Any CPU.Build.0 = Release|Any CPU
		{D1FC770E-F9E6-4F95-8C8C-45ADB0D6378A}.Debug|Any CPU.ActiveCfg = Debug|Any CPU
		{D1FC770E-F9E6-4F95-8C8C-45ADB0D6378A}.Debug|Any CPU.Build.0 = Debug|Any CPU
		{D1FC770E-F9E6-4F95-8C8C-45ADB0D6378A}.Release|Any CPU.ActiveCfg = Release|Any CPU
		{D1FC770E-F9E6-4F95-8C8C-45ADB0D6378A}.Release|Any CPU.Build.0 = Release|Any CPU
		{8C491968-5E87-4023-BA8C-E8DF61225F0D}.Debug|Any CPU.ActiveCfg = Debug|Any CPU
		{8C491968-5E87-4023-BA8C-E8DF61225F0D}.Debug|Any CPU.Build.0 = Debug|Any CPU
		{8C491968-5E87-4023-BA8C-E8DF61225F0D}.Release|Any CPU.ActiveCfg = Release|Any CPU
		{8C491968-5E87-4023-BA8C-E8DF61225F0D}.Release|Any CPU.Build.0 = Release|Any CPU
		{3F5FF6A1-DE5B-4D4E-BCBD-79352358424A}.Debug|Any CPU.ActiveCfg = Debug|Any CPU
		{3F5FF6A1-DE5B-4D4E-BCBD-79352358424A}.Debug|Any CPU.Build.0 = Debug|Any CPU
		{3F5FF6A1-DE5B-4D4E-BCBD-79352358424A}.Release|Any CPU.ActiveCfg = Release|Any CPU
		{3F5FF6A1-DE5B-4D4E-BCBD-79352358424A}.Release|Any CPU.Build.0 = Release|Any CPU
		{AD6A663F-22C6-415C-A9B9-E863C61A134F}.Debug|Any CPU.ActiveCfg = Debug|Any CPU
		{AD6A663F-22C6-415C-A9B9-E863C61A134F}.Debug|Any CPU.Build.0 = Debug|Any CPU
		{AD6A663F-22C6-415C-A9B9-E863C61A134F}.Release|Any CPU.ActiveCfg = Release|Any CPU
		{AD6A663F-22C6-415C-A9B9-E863C61A134F}.Release|Any CPU.Build.0 = Release|Any CPU
	EndGlobalSection
	GlobalSection(SolutionProperties) = preSolution
		HideSolutionNode = FALSE
	EndGlobalSection
	GlobalSection(ExtensibilityGlobals) = postSolution
		SolutionGuid = {B3581404-47CA-49B9-996D-D35C8D7AFA90}
	EndGlobalSection
EndGlobal
